// !$*UTF8*$!
{
	archiveVersion = 1;
	classes = {
	};
	objectVersion = 46;
	objects = {

/* Begin PBXBuildFile section */
		927B2B9F1B142BD7009A1E80 /* AppDelegate.m in Sources */ = {isa = PBXBuildFile; fileRef = 927B2B9E1B142BD7009A1E80 /* AppDelegate.m */; };
		927B2BA11B142BD7009A1E80 /* main.m in Sources */ = {isa = PBXBuildFile; fileRef = 927B2BA01B142BD7009A1E80 /* main.m */; };
		927B2BA31B142BD7009A1E80 /* Images.xcassets in Resources */ = {isa = PBXBuildFile; fileRef = 927B2BA21B142BD7009A1E80 /* Images.xcassets */; };
		927B2BA61B142BD7009A1E80 /* MainMenu.xib in Resources */ = {isa = PBXBuildFile; fileRef = 927B2BA41B142BD7009A1E80 /* MainMenu.xib */; };
		927B2BB21B142BD8009A1E80 /* sesmic_appTests.m in Sources */ = {isa = PBXBuildFile; fileRef = 927B2BB11B142BD8009A1E80 /* sesmic_appTests.m */; };
/* End PBXBuildFile section */

/* Begin PBXContainerItemProxy section */
		927B2BAC1B142BD8009A1E80 /* PBXContainerItemProxy */ = {
			isa = PBXContainerItemProxy;
			containerPortal = 927B2B901B142BD7009A1E80 /* Project object */;
			proxyType = 1;
			remoteGlobalIDString = 927B2B971B142BD7009A1E80;
			remoteInfo = "sesmic app";
		};
/* End PBXContainerItemProxy section */

/* Begin PBXFileReference section */
		927B2B981B142BD7009A1E80 /* sesmic app.app */ = {isa = PBXFileReference; explicitFileType = wrapper.application; includeInIndex = 0; path = "sesmic app.app"; sourceTree = BUILT_PRODUCTS_DIR; };
		927B2B9C1B142BD7009A1E80 /* Info.plist */ = {isa = PBXFileReference; lastKnownFileType = text.plist.xml; path = Info.plist; sourceTree = "<group>"; };
		927B2B9D1B142BD7009A1E80 /* AppDelegate.h */ = {isa = PBXFileReference; lastKnownFileType = sourcecode.c.h; path = AppDelegate.h; sourceTree = "<group>"; };
		927B2B9E1B142BD7009A1E80 /* AppDelegate.m */ = {isa = PBXFileReference; lastKnownFileType = sourcecode.c.objc; path = AppDelegate.m; sourceTree = "<group>"; };
		927B2BA01B142BD7009A1E80 /* main.m */ = {isa = PBXFileReference; lastKnownFileType = sourcecode.c.objc; path = main.m; sourceTree = "<group>"; };
		927B2BA21B142BD7009A1E80 /* Images.xcassets */ = {isa = PBXFileReference; lastKnownFileType = folder.assetcatalog; path = Images.xcassets; sourceTree = "<group>"; };
		927B2BA51B142BD7009A1E80 /* Base */ = {isa = PBXFileReference; lastKnownFileType = file.xib; name = Base; path = Base.lproj/MainMenu.xib; sourceTree = "<group>"; };
		927B2BAB1B142BD8009A1E80 /* sesmic appTests.xctest */ = {isa = PBXFileReference; explicitFileType = wrapper.cfbundle; includeInIndex = 0; path = "sesmic appTests.xctest"; sourceTree = BUILT_PRODUCTS_DIR; };
		927B2BB01B142BD8009A1E80 /* Info.plist */ = {isa = PBXFileReference; lastKnownFileType = text.plist.xml; path = Info.plist; sourceTree = "<group>"; };
		927B2BB11B142BD8009A1E80 /* sesmic_appTests.m */ = {isa = PBXFileReference; lastKnownFileType = sourcecode.c.objc; path = sesmic_appTests.m; sourceTree = "<group>"; };
/* End PBXFileReference section */

/* Begin PBXFrameworksBuildPhase section */
		927B2B951B142BD7009A1E80 /* Frameworks */ = {
			isa = PBXFrameworksBuildPhase;
			buildActionMask = 2147483647;
			files = (
			);
			runOnlyForDeploymentPostprocessing = 0;
		};
		927B2BA81B142BD8009A1E80 /* Frameworks */ = {
			isa = PBXFrameworksBuildPhase;
			buildActionMask = 2147483647;
			files = (
			);
			runOnlyForDeploymentPostprocessing = 0;
		};
/* End PBXFrameworksBuildPhase section */

/* Begin PBXGroup section */
		927B2B8F1B142BD7009A1E80 = {
			isa = PBXGroup;
			children = (
				927B2B9A1B142BD7009A1E80 /* sesmic app */,
				927B2BAE1B142BD8009A1E80 /* sesmic appTests */,
				927B2B991B142BD7009A1E80 /* Products */,
			);
			sourceTree = "<group>";
		};
		927B2B991B142BD7009A1E80 /* Products */ = {
			isa = PBXGroup;
			children = (
				927B2B981B142BD7009A1E80 /* sesmic app.app */,
				927B2BAB1B142BD8009A1E80 /* sesmic appTests.xctest */,
			);
			name = Products;
			sourceTree = "<group>";
		};
		927B2B9A1B142BD7009A1E80 /* sesmic app */ = {
			isa = PBXGroup;
			children = (
				927B2B9D1B142BD7009A1E80 /* AppDelegate.h */,
				927B2B9E1B142BD7009A1E80 /* AppDelegate.m */,
				927B2BA21B142BD7009A1E80 /* Images.xcassets */,
				927B2BA41B142BD7009A1E80 /* MainMenu.xib */,
				927B2B9B1B142BD7009A1E80 /* Supporting Files */,
			);
			path = "sesmic app";
			sourceTree = "<group>";
		};
		927B2B9B1B142BD7009A1E80 /* Supporting Files */ = {
			isa = PBXGroup;
			children = (
				927B2B9C1B142BD7009A1E80 /* Info.plist */,
				927B2BA01B142BD7009A1E80 /* main.m */,
			);
			name = "Supporting Files";
			sourceTree = "<group>";
		};
		927B2BAE1B142BD8009A1E80 /* sesmic appTests */ = {
			isa = PBXGroup;
			children = (
				927B2BB11B142BD8009A1E80 /* sesmic_appTests.m */,
				927B2BAF1B142BD8009A1E80 /* Supporting Files */,
			);
			path = "sesmic appTests";
			sourceTree = "<group>";
		};
		927B2BAF1B142BD8009A1E80 /* Supporting Files */ = {
			isa = PBXGroup;
			children = (
				927B2BB01B142BD8009A1E80 /* Info.plist */,
			);
			name = "Supporting Files";
			sourceTree = "<group>";
		};
/* End PBXGroup section */

/* Begin PBXNativeTarget section */
		927B2B971B142BD7009A1E80 /* sesmic app */ = {
			isa = PBXNativeTarget;
			buildConfigurationList = 927B2BB51B142BD8009A1E80 /* Build configuration list for PBXNativeTarget "sesmic app" */;
			buildPhases = (
				927B2B941B142BD7009A1E80 /* Sources */,
				927B2B951B142BD7009A1E80 /* Frameworks */,
				927B2B961B142BD7009A1E80 /* Resources */,
			);
			buildRules = (
			);
			dependencies = (
			);
			name = "sesmic app";
			productName = "sesmic app";
			productReference = 927B2B981B142BD7009A1E80 /* sesmic app.app */;
			productType = "com.apple.product-type.application";
		};
		927B2BAA1B142BD8009A1E80 /* sesmic appTests */ = {
			isa = PBXNativeTarget;
			buildConfigurationList = 927B2BB81B142BD8009A1E80 /* Build configuration list for PBXNativeTarget "sesmic appTests" */;
			buildPhases = (
				927B2BA71B142BD8009A1E80 /* Sources */,
				927B2BA81B142BD8009A1E80 /* Frameworks */,
				927B2BA91B142BD8009A1E80 /* Resources */,
			);
			buildRules = (
			);
			dependencies = (
				927B2BAD1B142BD8009A1E80 /* PBXTargetDependency */,
			);
			name = "sesmic appTests";
			productName = "sesmic appTests";
			productReference = 927B2BAB1B142BD8009A1E80 /* sesmic appTests.xctest */;
			productType = "com.apple.product-type.bundle.unit-test";
		};
/* End PBXNativeTarget section */

/* Begin PBXProject section */
		927B2B901B142BD7009A1E80 /* Project object */ = {
			isa = PBXProject;
			attributes = {
				LastUpgradeCheck = 0610;
				ORGANIZATIONNAME = UCLA;
				TargetAttributes = {
					927B2B971B142BD7009A1E80 = {
						CreatedOnToolsVersion = 6.1.1;
					};
					927B2BAA1B142BD8009A1E80 = {
						CreatedOnToolsVersion = 6.1.1;
						TestTargetID = 927B2B971B142BD7009A1E80;
					};
				};
			};
			buildConfigurationList = 927B2B931B142BD7009A1E80 /* Build configuration list for PBXProject "sesmic app" */;
			compatibilityVersion = "Xcode 3.2";
			developmentRegion = English;
			hasScannedForEncodings = 0;
			knownRegions = (
				en,
				Base,
			);
			mainGroup = 927B2B8F1B142BD7009A1E80;
			productRefGroup = 927B2B991B142BD7009A1E80 /* Products */;
			projectDirPath = "";
			projectRoot = "";
			targets = (
				927B2B971B142BD7009A1E80 /* sesmic app */,
				927B2BAA1B142BD8009A1E80 /* sesmic appTests */,
			);
		};
/* End PBXProject section */

/* Begin PBXResourcesBuildPhase section */
		927B2B961B142BD7009A1E80 /* Resources */ = {
			isa = PBXResourcesBuildPhase;
			buildActionMask = 2147483647;
			files = (
				927B2BA31B142BD7009A1E80 /* Images.xcassets in Resources */,
				927B2BA61B142BD7009A1E80 /* MainMenu.xib in Resources */,
			);
			runOnlyForDeploymentPostprocessing = 0;
		};
		927B2BA91B142BD8009A1E80 /* Resources */ = {
			isa = PBXResourcesBuildPhase;
			buildActionMask = 2147483647;
			files = (
			);
			runOnlyForDeploymentPostprocessing = 0;
		};
/* End PBXResourcesBuildPhase section */

/* Begin PBXSourcesBuildPhase section */
		927B2B941B142BD7009A1E80 /* Sources */ = {
			isa = PBXSourcesBuildPhase;
			buildActionMask = 2147483647;
			files = (
				927B2BA11B142BD7009A1E80 /* main.m in Sources */,
				927B2B9F1B142BD7009A1E80 /* AppDelegate.m in Sources */,
			);
			runOnlyForDeploymentPostprocessing = 0;
		};
		927B2BA71B142BD8009A1E80 /* Sources */ = {
			isa = PBXSourcesBuildPhase;
			buildActionMask = 2147483647;
			files = (
				927B2BB21B142BD8009A1E80 /* sesmic_appTests.m in Sources */,
			);
			runOnlyForDeploymentPostprocessing = 0;
		};
/* End PBXSourcesBuildPhase section */

/* Begin PBXTargetDependency section */
		927B2BAD1B142BD8009A1E80 /* PBXTargetDependency */ = {
			isa = PBXTargetDependency;
			target = 927B2B971B142BD7009A1E80 /* sesmic app */;
			targetProxy = 927B2BAC1B142BD8009A1E80 /* PBXContainerItemProxy */;
		};
/* End PBXTargetDependency section */

/* Begin PBXVariantGroup section */
		927B2BA41B142BD7009A1E80 /* MainMenu.xib */ = {
			isa = PBXVariantGroup;
			children = (
				927B2BA51B142BD7009A1E80 /* Base */,
			);
			name = MainMenu.xib;
			sourceTree = "<group>";
		};
/* End PBXVariantGroup section */

/* Begin XCBuildConfiguration section */
		927B2BB31B142BD8009A1E80 /* Debug */ = {
			isa = XCBuildConfiguration;
			buildSettings = {
				ALWAYS_SEARCH_USER_PATHS = NO;
				CLANG_CXX_LANGUAGE_STANDARD = "gnu++0x";
				CLANG_CXX_LIBRARY = "libc++";
				CLANG_ENABLE_MODULES = YES;
				CLANG_ENABLE_OBJC_ARC = YES;
				CLANG_WARN_BOOL_CONVERSION = YES;
				CLANG_WARN_CONSTANT_CONVERSION = YES;
				CLANG_WARN_DIRECT_OBJC_ISA_USAGE = YES_ERROR;
				CLANG_WARN_EMPTY_BODY = YES;
				CLANG_WARN_ENUM_CONVERSION = YES;
				CLANG_WARN_INT_CONVERSION = YES;
				CLANG_WARN_OBJC_ROOT_CLASS = YES_ERROR;
				CLANG_WARN_UNREACHABLE_CODE = YES;
				CLANG_WARN__DUPLICATE_METHOD_MATCH = YES;
				CODE_SIGN_IDENTITY = "-";
				COPY_PHASE_STRIP = NO;
				ENABLE_STRICT_OBJC_MSGSEND = YES;
				GCC_C_LANGUAGE_STANDARD = gnu99;
				GCC_DYNAMIC_NO_PIC = NO;
				GCC_OPTIMIZATION_LEVEL = 0;
				GCC_PREPROCESSOR_DEFINITIONS = (
					"DEBUG=1",
					"$(inherited)",
				);
				GCC_SYMBOLS_PRIVATE_EXTERN = NO;
				GCC_WARN_64_TO_32_BIT_CONVERSION = YES;
				GCC_WARN_ABOUT_RETURN_TYPE = YES_ERROR;
				GCC_WARN_UNDECLARED_SELECTOR = YES;
				GCC_WARN_UNINITIALIZED_AUTOS = YES_AGGRESSIVE;
				GCC_WARN_UNUSED_FUNCTION = YES;
				GCC_WARN_UNUSED_VARIABLE = YES;
				MACOSX_DEPLOYMENT_TARGET = 10.10;
				MTL_ENABLE_DEBUG_INFO = YES;
				ONLY_ACTIVE_ARCH = YES;
				SDKROOT = macosx;
			};
			name = Debug;
		};
		927B2BB41B142BD8009A1E80 /* Release */ = {
			isa = XCBuildConfiguration;
			buildSettings = {
				ALWAYS_SEARCH_USER_PATHS = NO;
				CLANG_CXX_LANGUAGE_STANDARD = "gnu++0x";
				CLANG_CXX_LIBRARY = "libc++";
				CLANG_ENABLE_MODULES = YES;
				CLANG_ENABLE_OBJC_ARC = YES;
				CLANG_WARN_BOOL_CONVERSION = YES;
				CLANG_WARN_CONSTANT_CONVERSION = YES;
				CLANG_WARN_DIRECT_OBJC_ISA_USAGE = YES_ERROR;
				CLANG_WARN_EMPTY_BODY = YES;
				CLANG_WARN_ENUM_CONVERSION = YES;
				CLANG_WARN_INT_CONVERSION = YES;
				CLANG_WARN_OBJC_ROOT_CLASS = YES_ERROR;
				CLANG_WARN_UNREACHABLE_CODE = YES;
				CLANG_WARN__DUPLICATE_METHOD_MATCH = YES;
				CODE_SIGN_IDENTITY = "-";
				COPY_PHASE_STRIP = YES;
				DEBUG_INFORMATION_FORMAT = "dwarf-with-dsym";
				ENABLE_NS_ASSERTIONS = NO;
				ENABLE_STRICT_OBJC_MSGSEND = YES;
				GCC_C_LANGUAGE_STANDARD = gnu99;
				GCC_WARN_64_TO_32_BIT_CONVERSION = YES;
				GCC_WARN_ABOUT_RETURN_TYPE = YES_ERROR;
				GCC_WARN_UNDECLARED_SELECTOR = YES;
				GCC_WARN_UNINITIALIZED_AUTOS = YES_AGGRESSIVE;
				GCC_WARN_UNUSED_FUNCTION = YES;
				GCC_WARN_UNUSED_VARIABLE = YES;
				MACOSX_DEPLOYMENT_TARGET = 10.10;
				MTL_ENABLE_DEBUG_INFO = NO;
				SDKROOT = macosx;
			};
			name = Release;
		};
		927B2BB61B142BD8009A1E80 /* Debug */ = {
			isa = XCBuildConfiguration;
			buildSettings = {
				ASSETCATALOG_COMPILER_APPICON_NAME = AppIcon;
				COMBINE_HIDPI_IMAGES = YES;
				INFOPLIST_FILE = "sesmic app/Info.plist";
				LD_RUNPATH_SEARCH_PATHS = "$(inherited) @executable_path/../Frameworks";
				PRODUCT_NAME = "$(TARGET_NAME)";
			};
			name = Debug;
		};
		927B2BB71B142BD8009A1E80 /* Release */ = {
			isa = XCBuildConfiguration;
			buildSettings = {
				ASSETCATALOG_COMPILER_APPICON_NAME = AppIcon;
				COMBINE_HIDPI_IMAGES = YES;
				INFOPLIST_FILE = "sesmic app/Info.plist";
				LD_RUNPATH_SEARCH_PATHS = "$(inherited) @executable_path/../Frameworks";
				PRODUCT_NAME = "$(TARGET_NAME)";
			};
			name = Release;
		};
		927B2BB91B142BD8009A1E80 /* Debug */ = {
			isa = XCBuildConfiguration;
			buildSettings = {
				BUNDLE_LOADER = "$(TEST_HOST)";
				COMBINE_HIDPI_IMAGES = YES;
				FRAMEWORK_SEARCH_PATHS = (
					"$(DEVELOPER_FRAMEWORKS_DIR)",
					"$(inherited)",
				);
				GCC_PREPROCESSOR_DEFINITIONS = (
					"DEBUG=1",
					"$(inherited)",
				);
				INFOPLIST_FILE = "sesmic appTests/Info.plist";
				LD_RUNPATH_SEARCH_PATHS = "$(inherited) @executable_path/../Frameworks @loader_path/../Frameworks";
				PRODUCT_NAME = "$(TARGET_NAME)";
				TEST_HOST = "$(BUILT_PRODUCTS_DIR)/sesmic app.app/Contents/MacOS/sesmic app";
			};
			name = Debug;
		};
		927B2BBA1B142BD8009A1E80 /* Release */ = {
			isa = XCBuildConfiguration;
			buildSettings = {
				BUNDLE_LOADER = "$(TEST_HOST)";
				COMBINE_HIDPI_IMAGES = YES;
				FRAMEWORK_SEARCH_PATHS = (
					"$(DEVELOPER_FRAMEWORKS_DIR)",
					"$(inherited)",
				);
				INFOPLIST_FILE = "sesmic appTests/Info.plist";
				LD_RUNPATH_SEARCH_PATHS = "$(inherited) @executable_path/../Frameworks @loader_path/../Frameworks";
				PRODUCT_NAME = "$(TARGET_NAME)";
				TEST_HOST = "$(BUILT_PRODUCTS_DIR)/sesmic app.app/Contents/MacOS/sesmic app";
			};
			name = Release;
		};
/* End XCBuildConfiguration section */

/* Begin XCConfigurationList section */
		927B2B931B142BD7009A1E80 /* Build configuration list for PBXProject "sesmic app" */ = {
			isa = XCConfigurationList;
			buildConfigurations = (
				927B2BB31B142BD8009A1E80 /* Debug */,
				927B2BB41B142BD8009A1E80 /* Release */,
			);
			defaultConfigurationIsVisible = 0;
			defaultConfigurationName = Release;
		};
		927B2BB51B142BD8009A1E80 /* Build configuration list for PBXNativeTarget "sesmic app" */ = {
			isa = XCConfigurationList;
			buildConfigurations = (
				927B2BB61B142BD8009A1E80 /* Debug */,
				927B2BB71B142BD8009A1E80 /* Release */,
			);
			defaultConfigurationIsVisible = 0;
		};
		927B2BB81B142BD8009A1E80 /* Build configuration list for PBXNativeTarget "sesmic appTests" */ = {
			isa = XCConfigurationList;
			buildConfigurations = (
				927B2BB91B142BD8009A1E80 /* Debug */,
				927B2BBA1B142BD8009A1E80 /* Release */,
			);
			defaultConfigurationIsVisible = 0;
		};
/* End XCConfigurationList section */
	};
	rootObject = 927B2B901B142BD7009A1E80 /* Project object */;
}
